
Microsoft Visual Studio Solution File, Format Version 12.00
# Visual Studio 14
VisualStudioVersion = 14.0.23107.0
MinimumVisualStudioVersion = 10.0.40219.1
Project("{FAE04EC0-301F-11D3-BF4B-00C04F79EFBC}") = "Testowy", "Testowy\Testowy.csproj", "{FD189686-0799-4F39-998C-EB1342BEEF95}"
EndProject
Project("{FAE04EC0-301F-11D3-BF4B-00C04F79EFBC}") = "Testowy.Tests", "Testowy.Tests\Testowy.Tests.csproj", "{132AE298-60EB-41A9-AB63-4803C9CF891A}"
EndProject
Global
	GlobalSection(SolutionConfigurationPlatforms) = preSolution
		Debug|Any CPU = Debug|Any CPU
		Release|Any CPU = Release|Any CPU
	EndGlobalSection
	GlobalSection(ProjectConfigurationPlatforms) = postSolution
		{FD189686-0799-4F39-998C-EB1342BEEF95}.Debug|Any CPU.ActiveCfg = Debug|Any CPU
		{FD189686-0799-4F39-998C-EB1342BEEF95}.Debug|Any CPU.Build.0 = Debug|Any CPU
		{FD189686-0799-4F39-998C-EB1342BEEF95}.Release|Any CPU.ActiveCfg = Release|Any CPU
		{FD189686-0799-4F39-998C-EB1342BEEF95}.Release|Any CPU.Build.0 = Release|Any CPU
		{132AE298-60EB-41A9-AB63-4803C9CF891A}.Debug|Any CPU.ActiveCfg = Debug|Any CPU
		{132AE298-60EB-41A9-AB63-4803C9CF891A}.Debug|Any CPU.Build.0 = Debug|Any CPU
		{132AE298-60EB-41A9-AB63-4803C9CF891A}.Release|Any CPU.ActiveCfg = Release|Any CPU
		{132AE298-60EB-41A9-AB63-4803C9CF891A}.Release|Any CPU.Build.0 = Release|Any CPU
	EndGlobalSection
	GlobalSection(SolutionProperties) = preSolution
		HideSolutionNode = FALSE
	EndGlobalSection
EndGlobal
